
Microsoft Visual Studio Solution File, Format Version 12.00
Project("{FAE04EC0-301F-11D3-BF4B-00C04F79EFBC}") = "Stackoverflow-Lite", "Stackoverflow-Lite.csproj", "{30C5CB4B-D241-46FA-9AE5-3765EE6E9F69}"
EndProject
Global
	GlobalSection(SolutionConfigurationPlatforms) = preSolution
		Debug|Any CPU = Debug|Any CPU
		Release|Any CPU = Release|Any CPU
	EndGlobalSection
	GlobalSection(ProjectConfigurationPlatforms) = postSolution
		{30C5CB4B-D241-46FA-9AE5-3765EE6E9F69}.Debug|Any CPU.ActiveCfg = Debug|Any CPU
		{30C5CB4B-D241-46FA-9AE5-3765EE6E9F69}.Debug|Any CPU.Build.0 = Debug|Any CPU
		{30C5CB4B-D241-46FA-9AE5-3765EE6E9F69}.Release|Any CPU.ActiveCfg = Release|Any CPU
		{30C5CB4B-D241-46FA-9AE5-3765EE6E9F69}.Release|Any CPU.Build.0 = Release|Any CPU
	EndGlobalSection
EndGlobal
